
Microsoft Visual Studio Solution File, Format Version 12.00
# Visual Studio Version 16
VisualStudioVersion = 16.0.30503.244
MinimumVisualStudioVersion = 10.0.40219.1
Project("{FAE04EC0-301F-11D3-BF4B-00C04F79EFBC}") = "EFCoreExtensions__Issue401", "EFCoreExtensions__Issue401\EFCoreExtensions__Issue401.csproj", "{814E7BE2-177C-4D0C-B4A4-ED6552C54C45}"
EndProject
Project("{FAE04EC0-301F-11D3-BF4B-00C04F79EFBC}") = "EFCoreExtensions__Issue401.Tests", "EFCoreExtensions__Issue401.Tests\EFCoreExtensions__Issue401.Tests.csproj", "{60D78558-9261-4646-BA21-F501E8687D8C}"
EndProject
Global
	GlobalSection(SolutionConfigurationPlatforms) = preSolution
		Debug|Any CPU = Debug|Any CPU
		Release|Any CPU = Release|Any CPU
	EndGlobalSection
	GlobalSection(ProjectConfigurationPlatforms) = postSolution
		{814E7BE2-177C-4D0C-B4A4-ED6552C54C45}.Debug|Any CPU.ActiveCfg = Debug|Any CPU
		{814E7BE2-177C-4D0C-B4A4-ED6552C54C45}.Debug|Any CPU.Build.0 = Debug|Any CPU
		{814E7BE2-177C-4D0C-B4A4-ED6552C54C45}.Release|Any CPU.ActiveCfg = Release|Any CPU
		{814E7BE2-177C-4D0C-B4A4-ED6552C54C45}.Release|Any CPU.Build.0 = Release|Any CPU
		{60D78558-9261-4646-BA21-F501E8687D8C}.Debug|Any CPU.ActiveCfg = Debug|Any CPU
		{60D78558-9261-4646-BA21-F501E8687D8C}.Debug|Any CPU.Build.0 = Debug|Any CPU
		{60D78558-9261-4646-BA21-F501E8687D8C}.Release|Any CPU.ActiveCfg = Release|Any CPU
		{60D78558-9261-4646-BA21-F501E8687D8C}.Release|Any CPU.Build.0 = Release|Any CPU
	EndGlobalSection
	GlobalSection(SolutionProperties) = preSolution
		HideSolutionNode = FALSE
	EndGlobalSection
	GlobalSection(ExtensibilityGlobals) = postSolution
		SolutionGuid = {432D099C-5295-4361-A8C5-C0FFEE94B501}
	EndGlobalSection
EndGlobal
